
Microsoft Visual Studio Solution File, Format Version 12.00
# Visual Studio Version 16
VisualStudioVersion = 16.0.30523.141
MinimumVisualStudioVersion = 10.0.40219.1
Project("{FAE04EC0-301F-11D3-BF4B-00C04F79EFBC}") = "AS", "AS.csproj", "{1C009DFC-1DC2-42CF-95FB-222E77C5FF58}"
EndProject
Global
	GlobalSection(SolutionConfigurationPlatforms) = preSolution
		Debug|Any CPU = Debug|Any CPU
		Release|Any CPU = Release|Any CPU
	EndGlobalSection
	GlobalSection(ProjectConfigurationPlatforms) = postSolution
		{1C009DFC-1DC2-42CF-95FB-222E77C5FF58}.Debug|Any CPU.ActiveCfg = Debug|Any CPU
		{1C009DFC-1DC2-42CF-95FB-222E77C5FF58}.Debug|Any CPU.Build.0 = Debug|Any CPU
		{1C009DFC-1DC2-42CF-95FB-222E77C5FF58}.Release|Any CPU.ActiveCfg = Release|Any CPU
		{1C009DFC-1DC2-42CF-95FB-222E77C5FF58}.Release|Any CPU.Build.0 = Release|Any CPU
	EndGlobalSection
	GlobalSection(SolutionProperties) = preSolution
		HideSolutionNode = FALSE
	EndGlobalSection
	GlobalSection(ExtensibilityGlobals) = postSolution
		SolutionGuid = {62D19487-F681-46E4-BBC2-43DCE630F77F}
	EndGlobalSection
EndGlobal
